
Microsoft Visual Studio Solution File, Format Version 12.00
# Visual Studio Version 16
VisualStudioVersion = 16.0.29215.179
MinimumVisualStudioVersion = 10.0.40219.1
Project("{9A19103F-16F7-4668-BE54-9A1E7A4F7556}") = "SharpSettings.AspNet", "src\SharpSettings.MongoDB.AspNet\SharpSettings.AspNet.csproj", "{871EEC97-36A8-4B97-8FA3-689B62B73C1A}"
EndProject
Project("{2150E333-8FDC-42A3-9474-1A3956D46DE8}") = "Tests", "Tests", "{3CF330A5-B123-42A4-A942-CEC370AD919A}"
EndProject
Global
	GlobalSection(SolutionConfigurationPlatforms) = preSolution
		Debug|Any CPU = Debug|Any CPU
		Debug|x64 = Debug|x64
		Debug|x86 = Debug|x86
		Release|Any CPU = Release|Any CPU
		Release|x64 = Release|x64
		Release|x86 = Release|x86
	EndGlobalSection
	GlobalSection(ProjectConfigurationPlatforms) = postSolution
		{871EEC97-36A8-4B97-8FA3-689B62B73C1A}.Debug|Any CPU.ActiveCfg = Debug|Any CPU
		{871EEC97-36A8-4B97-8FA3-689B62B73C1A}.Debug|Any CPU.Build.0 = Debug|Any CPU
		{871EEC97-36A8-4B97-8FA3-689B62B73C1A}.Debug|x64.ActiveCfg = Debug|Any CPU
		{871EEC97-36A8-4B97-8FA3-689B62B73C1A}.Debug|x64.Build.0 = Debug|Any CPU
		{871EEC97-36A8-4B97-8FA3-689B62B73C1A}.Debug|x86.ActiveCfg = Debug|Any CPU
		{871EEC97-36A8-4B97-8FA3-689B62B73C1A}.Debug|x86.Build.0 = Debug|Any CPU
		{871EEC97-36A8-4B97-8FA3-689B62B73C1A}.Release|Any CPU.ActiveCfg = Release|Any CPU
		{871EEC97-36A8-4B97-8FA3-689B62B73C1A}.Release|Any CPU.Build.0 = Release|Any CPU
		{871EEC97-36A8-4B97-8FA3-689B62B73C1A}.Release|x64.ActiveCfg = Release|Any CPU
		{871EEC97-36A8-4B97-8FA3-689B62B73C1A}.Release|x64.Build.0 = Release|Any CPU
		{871EEC97-36A8-4B97-8FA3-689B62B73C1A}.Release|x86.ActiveCfg = Release|Any CPU
		{871EEC97-36A8-4B97-8FA3-689B62B73C1A}.Release|x86.Build.0 = Release|Any CPU
	EndGlobalSection
	GlobalSection(SolutionProperties) = preSolution
		HideSolutionNode = FALSE
	EndGlobalSection
	GlobalSection(ExtensibilityGlobals) = postSolution
		SolutionGuid = {82163E02-40C1-4262-9B40-C19BFACD94BD}
	EndGlobalSection
EndGlobal
